version = 1
revision = 3
requires-python = ">=3.11"

[[package]]
name = "customtkinter"
version = "6.0.0"
source = { registry = "https://pypi.org/simple" }
dependencies = [
    { name = "darkdetect" },
    { name = "packaging" },
]
sdist = { url = "https://files.pythonhosted.org/packages/c4/36/aee6ed9171a5a232da66a8b257752bd03d25b487c9d67ba367ad159bd976/customtkinter-6.0.0.tar.gz", hash = "sha256:c782df167bc64ab3fc3140286df06967ac2de4dcc97dd5958426fe9c1a98057b", size = 267195, upload-time = "2026-06-24T20:14:32.144Z" }
wheels = [
    { url = "https://files.pythonhosted.org/packages/b0/63/e2d3387432c5a94dec64031c86b5ba737216de7e7490abb55efd64dec054/customtkinter-6.0.0-py3-none-any.whl", hash = "sha256:704fcbf1d2fca06bd7881b0afacfae72aed9864c9b6de2870e632e55eb3a0456", size = 302166, upload-time = "2026-06-24T20:14:30.191Z" },
]

[[package]]
name = "darkdetect"
version = "0.8.0"
source = { registry = "https://pypi.org/simple" }
sdist = { url = "https://files.pythonhosted.org/packages/45/77/7575be73bf12dee231d0c6e60ce7fb7a7be4fcd58823374fc59a6e48262e/darkdetect-0.8.0.tar.gz", hash = "sha256:b5428e1170263eb5dea44c25dc3895edd75e6f52300986353cd63533fe7df8b1", size = 7681, upload-time = "2022-12-16T14:14:42.113Z" }
wheels = [
    { url = "https://files.pythonhosted.org/packages/f2/f2/728f041460f1b9739b85ee23b45fa5a505962ea11fd85bdbe2a02b021373/darkdetect-0.8.0-py3-none-any.whl", hash = "sha256:a7509ccf517eaad92b31c214f593dbcf138ea8a43b2935406bbd565e15527a85", size = 8955, upload-time = "2022-12-16T14:14:40.92Z" },
]

[[package]]
name = "isaaclab-232"
version = "0.1.0"
source = { virtual = "." }
dependencies = [
    { name = "customtkinter" },
    { name = "packaging" },
]

[package.metadata]
requires-dist = [
    { name = "customtkinter", specifier = ">=6.0.0" },
    { name = "packaging", specifier = "==23.0" },
]

[[package]]
name = "packaging"
version = "23.0"
source = { registry = "https://pypi.org/simple" }
sdist = { url = "https://files.pythonhosted.org/packages/47/d5/aca8ff6f49aa5565df1c826e7bf5e85a6df852ee063600c1efa5b932968c/packaging-23.0.tar.gz", hash = "sha256:b6ad297f8907de0fa2fe1ccbd26fdaf387f5f47c7275fedf8cce89f99446cf97", size = 126241, upload-time = "2023-01-08T18:18:54.74Z" }
wheels = [
    { url = "https://files.pythonhosted.org/packages/ed/35/a31aed2993e398f6b09a790a181a7927eb14610ee8bbf02dc14d31677f1c/packaging-23.0-py3-none-any.whl", hash = "sha256:714ac14496c3e68c99c29b00845f7a2b85f3bb6f1078fd9f72fd20f0570002b2", size = 42678, upload-time = "2023-01-08T18:18:53.118Z" },
]
